// !$*UTF8*$!
{
	archiveVersion = 1;
	classes = {
	};
	objectVersion = 50;
	objects = {

/* Begin PBXBuildFile section */
		04CBA6A624B7311100282627 /* AppDelegate.swift in Sources */ = {isa = PBXBuildFile; fileRef = 04CBA6A524B7311100282627 /* AppDelegate.swift */; };
		04CBA6AA24B7311100282627 /* ViewController.swift in Sources */ = {isa = PBXBuildFile; fileRef = 04CBA6A924B7311100282627 /* ViewController.swift */; };
		04CBA6AF24B7311300282627 /* Assets.xcassets in Resources */ = {isa = PBXBuildFile; fileRef = 04CBA6AE24B7311300282627 /* Assets.xcassets */; };
		04CBA6B224B7311300282627 /* LaunchScreen.storyboard in Resources */ = {isa = PBXBuildFile; fileRef = 04CBA6B024B7311300282627 /* LaunchScreen.storyboard */; };
		04CBA6BB24B7321C00282627 /* QSClassNameProtocol.swift in Sources */ = {isa = PBXBuildFile; fileRef = 04CBA6BA24B7321C00282627 /* QSClassNameProtocol.swift */; };
		04CBA6BE24B7325C00282627 /* QSNamespage.swift in Sources */ = {isa = PBXBuildFile; fileRef = 04CBA6BD24B7325C00282627 /* QSNamespage.swift */; };
		04CBA6C124B732D200282627 /* UITableView+QSReuse.swift in Sources */ = {isa = PBXBuildFile; fileRef = 04CBA6C024B732D200282627 /* UITableView+QSReuse.swift */; };
		04CBA6C324B7330400282627 /* UICollectionView+QSReuse.swift in Sources */ = {isa = PBXBuildFile; fileRef = 04CBA6C224B7330400282627 /* UICollectionView+QSReuse.swift */; };
		04CBA6C624B7337500282627 /* UIView+QSLoadNib.swift in Sources */ = {isa = PBXBuildFile; fileRef = 04CBA6C524B7337500282627 /* UIView+QSLoadNib.swift */; };
/* End PBXBuildFile section */

/* Begin PBXFileReference section */
		04CBA6A224B7311100282627 /* QSViewReuse.app */ = {isa = PBXFileReference; explicitFileType = wrapper.application; includeInIndex = 0; path = QSViewReuse.app; sourceTree = BUILT_PRODUCTS_DIR; };
		04CBA6A524B7311100282627 /* AppDelegate.swift */ = {isa = PBXFileReference; lastKnownFileType = sourcecode.swift; path = AppDelegate.swift; sourceTree = "<group>"; };
		04CBA6A924B7311100282627 /* ViewController.swift */ = {isa = PBXFileReference; lastKnownFileType = sourcecode.swift; path = ViewController.swift; sourceTree = "<group>"; };
		04CBA6AE24B7311300282627 /* Assets.xcassets */ = {isa = PBXFileReference; lastKnownFileType = folder.assetcatalog; path = Assets.xcassets; sourceTree = "<group>"; };
		04CBA6B124B7311300282627 /* Base */ = {isa = PBXFileReference; lastKnownFileType = file.storyboard; name = Base; path = Base.lproj/LaunchScreen.storyboard; sourceTree = "<group>"; };
		04CBA6B324B7311300282627 /* Info.plist */ = {isa = PBXFileReference; lastKnownFileType = text.plist.xml; path = Info.plist; sourceTree = "<group>"; };
		04CBA6BA24B7321C00282627 /* QSClassNameProtocol.swift */ = {isa = PBXFileReference; lastKnownFileType = sourcecode.swift; path = QSClassNameProtocol.swift; sourceTree = "<group>"; };
		04CBA6BD24B7325C00282627 /* QSNamespage.swift */ = {isa = PBXFileReference; fileEncoding = 4; lastKnownFileType = sourcecode.swift; path = QSNamespage.swift; sourceTree = "<group>"; };
		04CBA6C024B732D200282627 /* UITableView+QSReuse.swift */ = {isa = PBXFileReference; lastKnownFileType = sourcecode.swift; path = "UITableView+QSReuse.swift"; sourceTree = "<group>"; };
		04CBA6C224B7330400282627 /* UICollectionView+QSReuse.swift */ = {isa = PBXFileReference; lastKnownFileType = sourcecode.swift; path = "UICollectionView+QSReuse.swift"; sourceTree = "<group>"; };
		04CBA6C524B7337500282627 /* UIView+QSLoadNib.swift */ = {isa = PBXFileReference; lastKnownFileType = sourcecode.swift; path = "UIView+QSLoadNib.swift"; sourceTree = "<group>"; };
/* End PBXFileReference section */

/* Begin PBXFrameworksBuildPhase section */
		04CBA69F24B7311100282627 /* Frameworks */ = {
			isa = PBXFrameworksBuildPhase;
			buildActionMask = 2147483647;
			files = (
			);
			runOnlyForDeploymentPostprocessing = 0;
		};
/* End PBXFrameworksBuildPhase section */

/* Begin PBXGroup section */
		04CBA69924B7311100282627 = {
			isa = PBXGroup;
			children = (
				04CBA6A424B7311100282627 /* QSViewReuse */,
				04CBA6A324B7311100282627 /* Products */,
			);
			sourceTree = "<group>";
		};
		04CBA6A324B7311100282627 /* Products */ = {
			isa = PBXGroup;
			children = (
				04CBA6A224B7311100282627 /* QSViewReuse.app */,
			);
			name = Products;
			sourceTree = "<group>";
		};
		04CBA6A424B7311100282627 /* QSViewReuse */ = {
			isa = PBXGroup;
			children = (
				04E87D5E24B848E400D34280 /* Reuse */,
				04CBA6A524B7311100282627 /* AppDelegate.swift */,
				04CBA6A924B7311100282627 /* ViewController.swift */,
				04CBA6AE24B7311300282627 /* Assets.xcassets */,
				04CBA6B024B7311300282627 /* LaunchScreen.storyboard */,
				04CBA6B324B7311300282627 /* Info.plist */,
			);
			path = QSViewReuse;
			sourceTree = "<group>";
		};
		04CBA6B924B7320600282627 /* ClassName */ = {
			isa = PBXGroup;
			children = (
				04CBA6BA24B7321C00282627 /* QSClassNameProtocol.swift */,
			);
			path = ClassName;
			sourceTree = "<group>";
		};
		04CBA6BC24B7324C00282627 /* Namespace */ = {
			isa = PBXGroup;
			children = (
				04CBA6BD24B7325C00282627 /* QSNamespage.swift */,
			);
			path = Namespace;
			sourceTree = "<group>";
		};
		04CBA6BF24B7328A00282627 /* ViewReuse */ = {
			isa = PBXGroup;
			children = (
				04CBA6C024B732D200282627 /* UITableView+QSReuse.swift */,
				04CBA6C224B7330400282627 /* UICollectionView+QSReuse.swift */,
			);
			path = ViewReuse;
			sourceTree = "<group>";
		};
		04CBA6C424B7335A00282627 /* LoadNib */ = {
			isa = PBXGroup;
			children = (
				04CBA6C524B7337500282627 /* UIView+QSLoadNib.swift */,
			);
			path = LoadNib;
			sourceTree = "<group>";
		};
		04E87D5E24B848E400D34280 /* Reuse */ = {
			isa = PBXGroup;
			children = (
				04CBA6C424B7335A00282627 /* LoadNib */,
				04CBA6BF24B7328A00282627 /* ViewReuse */,
				04CBA6BC24B7324C00282627 /* Namespace */,
				04CBA6B924B7320600282627 /* ClassName */,
			);
			path = Reuse;
			sourceTree = "<group>";
		};
/* End PBXGroup section */

/* Begin PBXNativeTarget section */
		04CBA6A124B7311100282627 /* QSViewReuse */ = {
			isa = PBXNativeTarget;
			buildConfigurationList = 04CBA6B624B7311300282627 /* Build configuration list for PBXNativeTarget "QSViewReuse" */;
			buildPhases = (
				04CBA69E24B7311100282627 /* Sources */,
				04CBA69F24B7311100282627 /* Frameworks */,
				04CBA6A024B7311100282627 /* Resources */,
			);
			buildRules = (
			);
			dependencies = (
			);
			name = QSViewReuse;
			productName = QSViewReuse;
			productReference = 04CBA6A224B7311100282627 /* QSViewReuse.app */;
			productType = "com.apple.product-type.application";
		};
/* End PBXNativeTarget section */

/* Begin PBXProject section */
		04CBA69A24B7311100282627 /* Project object */ = {
			isa = PBXProject;
			attributes = {
				LastSwiftUpdateCheck = 1140;
				LastUpgradeCheck = 1140;
				ORGANIZATIONNAME = Song;
				TargetAttributes = {
					04CBA6A124B7311100282627 = {
						CreatedOnToolsVersion = 11.4;
					};
				};
			};
			buildConfigurationList = 04CBA69D24B7311100282627 /* Build configuration list for PBXProject "QSViewReuse" */;
			compatibilityVersion = "Xcode 9.3";
			developmentRegion = en;
			hasScannedForEncodings = 0;
			knownRegions = (
				en,
				Base,
			);
			mainGroup = 04CBA69924B7311100282627;
			productRefGroup = 04CBA6A324B7311100282627 /* Products */;
			projectDirPath = "";
			projectRoot = "";
			targets = (
				04CBA6A124B7311100282627 /* QSViewReuse */,
			);
		};
/* End PBXProject section */

/* Begin PBXResourcesBuildPhase section */
		04CBA6A024B7311100282627 /* Resources */ = {
			isa = PBXResourcesBuildPhase;
			buildActionMask = 2147483647;
			files = (
				04CBA6B224B7311300282627 /* LaunchScreen.storyboard in Resources */,
				04CBA6AF24B7311300282627 /* Assets.xcassets in Resources */,
			);
			runOnlyForDeploymentPostprocessing = 0;
		};
/* End PBXResourcesBuildPhase section */

/* Begin PBXSourcesBuildPhase section */
		04CBA69E24B7311100282627 /* Sources */ = {
			isa = PBXSourcesBuildPhase;
			buildActionMask = 2147483647;
			files = (
				04CBA6C124B732D200282627 /* UITableView+QSReuse.swift in Sources */,
				04CBA6AA24B7311100282627 /* ViewController.swift in Sources */,
				04CBA6BE24B7325C00282627 /* QSNamespage.swift in Sources */,
				04CBA6C324B7330400282627 /* UICollectionView+QSReuse.swift in Sources */,
				04CBA6C624B7337500282627 /* UIView+QSLoadNib.swift in Sources */,
				04CBA6BB24B7321C00282627 /* QSClassNameProtocol.swift in Sources */,
				04CBA6A624B7311100282627 /* AppDelegate.swift in Sources */,
			);
			runOnlyForDeploymentPostprocessing = 0;
		};
/* End PBXSourcesBuildPhase section */

/* Begin PBXVariantGroup section */
		04CBA6B024B7311300282627 /* LaunchScreen.storyboard */ = {
			isa = PBXVariantGroup;
			children = (
				04CBA6B124B7311300282627 /* Base */,
			);
			name = LaunchScreen.storyboard;
			sourceTree = "<group>";
		};
/* End PBXVariantGroup section */

/* Begin XCBuildConfiguration section */
		04CBA6B424B7311300282627 /* Debug */ = {
			isa = XCBuildConfiguration;
			buildSettings = {
				ALWAYS_SEARCH_USER_PATHS = NO;
				CLANG_ANALYZER_NONNULL = YES;
				CLANG_ANALYZER_NUMBER_OBJECT_CONVERSION = YES_AGGRESSIVE;
				CLANG_CXX_LANGUAGE_STANDARD = "gnu++14";
				CLANG_CXX_LIBRARY = "libc++";
				CLANG_ENABLE_MODULES = YES;
				CLANG_ENABLE_OBJC_ARC = YES;
				CLANG_ENABLE_OBJC_WEAK = YES;
				CLANG_WARN_BLOCK_CAPTURE_AUTORELEASING = YES;
				CLANG_WARN_BOOL_CONVERSION = YES;
				CLANG_WARN_COMMA = YES;
				CLANG_WARN_CONSTANT_CONVERSION = YES;
				CLANG_WARN_DEPRECATED_OBJC_IMPLEMENTATIONS = YES;
				CLANG_WARN_DIRECT_OBJC_ISA_USAGE = YES_ERROR;
				CLANG_WARN_DOCUMENTATION_COMMENTS = YES;
				CLANG_WARN_EMPTY_BODY = YES;
				CLANG_WARN_ENUM_CONVERSION = YES;
				CLANG_WARN_INFINITE_RECURSION = YES;
				CLANG_WARN_INT_CONVERSION = YES;
				CLANG_WARN_NON_LITERAL_NULL_CONVERSION = YES;
				CLANG_WARN_OBJC_IMPLICIT_RETAIN_SELF = YES;
				CLANG_WARN_OBJC_LITERAL_CONVERSION = YES;
				CLANG_WARN_OBJC_ROOT_CLASS = YES_ERROR;
				CLANG_WARN_RANGE_LOOP_ANALYSIS = YES;
				CLANG_WARN_STRICT_PROTOTYPES = YES;
				CLANG_WARN_SUSPICIOUS_MOVE = YES;
				CLANG_WARN_UNGUARDED_AVAILABILITY = YES_AGGRESSIVE;
				CLANG_WARN_UNREACHABLE_CODE = YES;
				CLANG_WARN__DUPLICATE_METHOD_MATCH = YES;
				COPY_PHASE_STRIP = NO;
				DEBUG_INFORMATION_FORMAT = dwarf;
				ENABLE_STRICT_OBJC_MSGSEND = YES;
				ENABLE_TESTABILITY = YES;
				GCC_C_LANGUAGE_STANDARD = gnu11;
				GCC_DYNAMIC_NO_PIC = NO;
				GCC_NO_COMMON_BLOCKS = YES;
				GCC_OPTIMIZATION_LEVEL = 0;
				GCC_PREPROCESSOR_DEFINITIONS = (
					"DEBUG=1",
					"$(inherited)",
				);
				GCC_WARN_64_TO_32_BIT_CONVERSION = YES;
				GCC_WARN_ABOUT_RETURN_TYPE = YES_ERROR;
				GCC_WARN_UNDECLARED_SELECTOR = YES;
				GCC_WARN_UNINITIALIZED_AUTOS = YES_AGGRESSIVE;
				GCC_WARN_UNUSED_FUNCTION = YES;
				GCC_WARN_UNUSED_VARIABLE = YES;
				IPHONEOS_DEPLOYMENT_TARGET = 13.4;
				MTL_ENABLE_DEBUG_INFO = INCLUDE_SOURCE;
				MTL_FAST_MATH = YES;
				ONLY_ACTIVE_ARCH = YES;
				SDKROOT = iphoneos;
				SWIFT_ACTIVE_COMPILATION_CONDITIONS = DEBUG;
				SWIFT_OPTIMIZATION_LEVEL = "-Onone";
			};
			name = Debug;
		};
		04CBA6B524B7311300282627 /* Release */ = {
			isa = XCBuildConfiguration;
			buildSettings = {
				ALWAYS_SEARCH_USER_PATHS = NO;
				CLANG_ANALYZER_NONNULL = YES;
				CLANG_ANALYZER_NUMBER_OBJECT_CONVERSION = YES_AGGRESSIVE;
				CLANG_CXX_LANGUAGE_STANDARD = "gnu++14";
				CLANG_CXX_LIBRARY = "libc++";
				CLANG_ENABLE_MODULES = YES;
				CLANG_ENABLE_OBJC_ARC = YES;
				CLANG_ENABLE_OBJC_WEAK = YES;
				CLANG_WARN_BLOCK_CAPTURE_AUTORELEASING = YES;
				CLANG_WARN_BOOL_CONVERSION = YES;
				CLANG_WARN_COMMA = YES;
				CLANG_WARN_CONSTANT_CONVERSION = YES;
				CLANG_WARN_DEPRECATED_OBJC_IMPLEMENTATIONS = YES;
				CLANG_WARN_DIRECT_OBJC_ISA_USAGE = YES_ERROR;
				CLANG_WARN_DOCUMENTATION_COMMENTS = YES;
				CLANG_WARN_EMPTY_BODY = YES;
				CLANG_WARN_ENUM_CONVERSION = YES;
				CLANG_WARN_INFINITE_RECURSION = YES;
				CLANG_WARN_INT_CONVERSION = YES;
				CLANG_WARN_NON_LITERAL_NULL_CONVERSION = YES;
				CLANG_WARN_OBJC_IMPLICIT_RETAIN_SELF = YES;
				CLANG_WARN_OBJC_LITERAL_CONVERSION = YES;
				CLANG_WARN_OBJC_ROOT_CLASS = YES_ERROR;
				CLANG_WARN_RANGE_LOOP_ANALYSIS = YES;
				CLANG_WARN_STRICT_PROTOTYPES = YES;
				CLANG_WARN_SUSPICIOUS_MOVE = YES;
				CLANG_WARN_UNGUARDED_AVAILABILITY = YES_AGGRESSIVE;
				CLANG_WARN_UNREACHABLE_CODE = YES;
				CLANG_WARN__DUPLICATE_METHOD_MATCH = YES;
				COPY_PHASE_STRIP = NO;
				DEBUG_INFORMATION_FORMAT = "dwarf-with-dsym";
				ENABLE_NS_ASSERTIONS = NO;
				ENABLE_STRICT_OBJC_MSGSEND = YES;
				GCC_C_LANGUAGE_STANDARD = gnu11;
				GCC_NO_COMMON_BLOCKS = YES;
				GCC_WARN_64_TO_32_BIT_CONVERSION = YES;
				GCC_WARN_ABOUT_RETURN_TYPE = YES_ERROR;
				GCC_WARN_UNDECLARED_SELECTOR = YES;
				GCC_WARN_UNINITIALIZED_AUTOS = YES_AGGRESSIVE;
				GCC_WARN_UNUSED_FUNCTION = YES;
				GCC_WARN_UNUSED_VARIABLE = YES;
				IPHONEOS_DEPLOYMENT_TARGET = 13.4;
				MTL_ENABLE_DEBUG_INFO = NO;
				MTL_FAST_MATH = YES;
				SDKROOT = iphoneos;
				SWIFT_COMPILATION_MODE = wholemodule;
				SWIFT_OPTIMIZATION_LEVEL = "-O";
				VALIDATE_PRODUCT = YES;
			};
			name = Release;
		};
		04CBA6B724B7311300282627 /* Debug */ = {
			isa = XCBuildConfiguration;
			buildSettings = {
				ASSETCATALOG_COMPILER_APPICON_NAME = AppIcon;
				CODE_SIGN_STYLE = Automatic;
				DEVELOPMENT_TEAM = 8SHSWUNCN7;
				INFOPLIST_FILE = QSViewReuse/Info.plist;
				IPHONEOS_DEPLOYMENT_TARGET = 8.0;
				LD_RUNPATH_SEARCH_PATHS = (
					"$(inherited)",
					"@executable_path/Frameworks",
				);
				PRODUCT_BUNDLE_IDENTIFIER = com.fallPine.QSViewReuse;
				PRODUCT_NAME = "$(TARGET_NAME)";
				SWIFT_VERSION = 5.0;
				TARGETED_DEVICE_FAMILY = 1;
			};
			name = Debug;
		};
		04CBA6B824B7311300282627 /* Release */ = {
			isa = XCBuildConfiguration;
			buildSettings = {
				ASSETCATALOG_COMPILER_APPICON_NAME = AppIcon;
				CODE_SIGN_STYLE = Automatic;
				DEVELOPMENT_TEAM = 8SHSWUNCN7;
				INFOPLIST_FILE = QSViewReuse/Info.plist;
				IPHONEOS_DEPLOYMENT_TARGET = 8.0;
				LD_RUNPATH_SEARCH_PATHS = (
					"$(inherited)",
					"@executable_path/Frameworks",
				);
				PRODUCT_BUNDLE_IDENTIFIER = com.fallPine.QSViewReuse;
				PRODUCT_NAME = "$(TARGET_NAME)";
				SWIFT_VERSION = 5.0;
				TARGETED_DEVICE_FAMILY = 1;
			};
			name = Release;
		};
/* End XCBuildConfiguration section */

/* Begin XCConfigurationList section */
		04CBA69D24B7311100282627 /* Build configuration list for PBXProject "QSViewReuse" */ = {
			isa = XCConfigurationList;
			buildConfigurations = (
				04CBA6B424B7311300282627 /* Debug */,
				04CBA6B524B7311300282627 /* Release */,
			);
			defaultConfigurationIsVisible = 0;
			defaultConfigurationName = Release;
		};
		04CBA6B624B7311300282627 /* Build configuration list for PBXNativeTarget "QSViewReuse" */ = {
			isa = XCConfigurationList;
			buildConfigurations = (
				04CBA6B724B7311300282627 /* Debug */,
				04CBA6B824B7311300282627 /* Release */,
			);
			defaultConfigurationIsVisible = 0;
			defaultConfigurationName = Release;
		};
/* End XCConfigurationList section */
	};
	rootObject = 04CBA69A24B7311100282627 /* Project object */;
}
